
Microsoft Visual Studio Solution File, Format Version 12.00
# Visual Studio Version 17
VisualStudioVersion = 17.0.32014.148
MinimumVisualStudioVersion = 10.0.40219.1
Project("{FAE04EC0-301F-11D3-BF4B-00C04F79EFBC}") = "UAS_OOP_1204045", "UAS_OOP_1204045\UAS_OOP_1204045.csproj", "{990E7F5A-82DD-47AD-AF6C-0494344588C1}"
EndProject
Global
	GlobalSection(SolutionConfigurationPlatforms) = preSolution
		Debug|Any CPU = Debug|Any CPU
		Release|Any CPU = Release|Any CPU
	EndGlobalSection
	GlobalSection(ProjectConfigurationPlatforms) = postSolution
		{990E7F5A-82DD-47AD-AF6C-0494344588C1}.Debug|Any CPU.ActiveCfg = Debug|Any CPU
		{990E7F5A-82DD-47AD-AF6C-0494344588C1}.Debug|Any CPU.Build.0 = Debug|Any CPU
		{990E7F5A-82DD-47AD-AF6C-0494344588C1}.Release|Any CPU.ActiveCfg = Release|Any CPU
		{990E7F5A-82DD-47AD-AF6C-0494344588C1}.Release|Any CPU.Build.0 = Release|Any CPU
	EndGlobalSection
	GlobalSection(SolutionProperties) = preSolution
		HideSolutionNode = FALSE
	EndGlobalSection
	GlobalSection(ExtensibilityGlobals) = postSolution
		SolutionGuid = {E6201310-543F-4236-AD2C-4B3F7E4EBD2F}
	EndGlobalSection
EndGlobal
